
Microsoft Visual Studio Solution File, Format Version 12.00
# Visual Studio Version 16
VisualStudioVersion = 16.0.30011.22
MinimumVisualStudioVersion = 10.0.40219.1
Project("{8BC9CEB8-8B4A-11D0-8D11-00A0C91BC942}") = "LidarDataPackage", "LidarDataPackage\LidarDataPackage.vcxproj", "{5192E187-8883-41A9-959B-D2A50518E02C}"
EndProject
Project("{8BC9CEB8-8B4A-11D0-8D11-00A0C91BC942}") = "LIMConsoleClient", "LIMConsoleClient\LIMConsoleClient.vcxproj", "{115E8ECB-B9C9-416C-9C71-1F88F0E0A8ED}"
EndProject
Project("{8BC9CEB8-8B4A-11D0-8D11-00A0C91BC942}") = "MultipleDeviceClient", "MultipleDeviceClient\MultipleDeviceClient.vcxproj", "{5E96FA07-9A2E-48D3-88B6-8D672048F9C0}"
EndProject
Project("{8BC9CEB8-8B4A-11D0-8D11-00A0C91BC942}") = "Draw", "Draw\Draw.vcxproj", "{EAFC10A2-612C-479D-B249-A0810556D798}"
EndProject
Project("{8BC9CEB8-8B4A-11D0-8D11-00A0C91BC942}") = "VirtualPostClient", "VirtualPostClient\VirtualPostClient.vcxproj", "{D3290B6B-8E85-4F52-BE03-A1F4719DCA72}"
EndProject
Project("{8BC9CEB8-8B4A-11D0-8D11-00A0C91BC942}") = "VirtualDeviceClass", "VirtualDeviceClass\VirtualDeviceClass.vcxproj", "{959BBF9B-B5BA-45E1-929F-03406E5BB814}"
EndProject
Project("{8BC9CEB8-8B4A-11D0-8D11-00A0C91BC942}") = "Server", "Server\Server.vcxproj", "{47A1EEC6-8FCF-40FE-B689-D1F2E52502EA}"
EndProject
Project("{8BC9CEB8-8B4A-11D0-8D11-00A0C91BC942}") = "LidarHeightTestDialog", "LidarHeightTestDialog\LidarHeightTestDialog.vcxproj", "{546BC298-717B-40D2-8D7F-CF76863F6DD9}"
EndProject
Project("{8BC9CEB8-8B4A-11D0-8D11-00A0C91BC942}") = "NewDraw", "NewDraw\NewDraw.vcxproj", "{FAAAEEB0-AAC1-4808-B896-950B132EC0CA}"
EndProject
Global
	GlobalSection(SolutionConfigurationPlatforms) = preSolution
		Debug|x64 = Debug|x64
		Debug|x86 = Debug|x86
		Release|x64 = Release|x64
		Release|x86 = Release|x86
	EndGlobalSection
	GlobalSection(ProjectConfigurationPlatforms) = postSolution
		{5192E187-8883-41A9-959B-D2A50518E02C}.Debug|x64.ActiveCfg = Debug|x64
		{5192E187-8883-41A9-959B-D2A50518E02C}.Debug|x64.Build.0 = Debug|x64
		{5192E187-8883-41A9-959B-D2A50518E02C}.Debug|x86.ActiveCfg = Debug|Win32
		{5192E187-8883-41A9-959B-D2A50518E02C}.Debug|x86.Build.0 = Debug|Win32
		{5192E187-8883-41A9-959B-D2A50518E02C}.Release|x64.ActiveCfg = Release|x64
		{5192E187-8883-41A9-959B-D2A50518E02C}.Release|x64.Build.0 = Release|x64
		{5192E187-8883-41A9-959B-D2A50518E02C}.Release|x86.ActiveCfg = Release|Win32
		{5192E187-8883-41A9-959B-D2A50518E02C}.Release|x86.Build.0 = Release|Win32
		{115E8ECB-B9C9-416C-9C71-1F88F0E0A8ED}.Debug|x64.ActiveCfg = Debug|x64
		{115E8ECB-B9C9-416C-9C71-1F88F0E0A8ED}.Debug|x64.Build.0 = Debug|x64
		{115E8ECB-B9C9-416C-9C71-1F88F0E0A8ED}.Debug|x86.ActiveCfg = Debug|Win32
		{115E8ECB-B9C9-416C-9C71-1F88F0E0A8ED}.Debug|x86.Build.0 = Debug|Win32
		{115E8ECB-B9C9-416C-9C71-1F88F0E0A8ED}.Release|x64.ActiveCfg = Release|x64
		{115E8ECB-B9C9-416C-9C71-1F88F0E0A8ED}.Release|x64.Build.0 = Release|x64
		{115E8ECB-B9C9-416C-9C71-1F88F0E0A8ED}.Release|x86.ActiveCfg = Release|Win32
		{115E8ECB-B9C9-416C-9C71-1F88F0E0A8ED}.Release|x86.Build.0 = Release|Win32
		{5E96FA07-9A2E-48D3-88B6-8D672048F9C0}.Debug|x64.ActiveCfg = Debug|x64
		{5E96FA07-9A2E-48D3-88B6-8D672048F9C0}.Debug|x64.Build.0 = Debug|x64
		{5E96FA07-9A2E-48D3-88B6-8D672048F9C0}.Debug|x86.ActiveCfg = Debug|Win32
		{5E96FA07-9A2E-48D3-88B6-8D672048F9C0}.Debug|x86.Build.0 = Debug|Win32
		{5E96FA07-9A2E-48D3-88B6-8D672048F9C0}.Release|x64.ActiveCfg = Release|x64
		{5E96FA07-9A2E-48D3-88B6-8D672048F9C0}.Release|x64.Build.0 = Release|x64
		{5E96FA07-9A2E-48D3-88B6-8D672048F9C0}.Release|x86.ActiveCfg = Release|Win32
		{5E96FA07-9A2E-48D3-88B6-8D672048F9C0}.Release|x86.Build.0 = Release|Win32
		{EAFC10A2-612C-479D-B249-A0810556D798}.Debug|x64.ActiveCfg = Debug|x64
		{EAFC10A2-612C-479D-B249-A0810556D798}.Debug|x64.Build.0 = Debug|x64
		{EAFC10A2-612C-479D-B249-A0810556D798}.Debug|x86.ActiveCfg = Debug|Win32
		{EAFC10A2-612C-479D-B249-A0810556D798}.Debug|x86.Build.0 = Debug|Win32
		{EAFC10A2-612C-479D-B249-A0810556D798}.Release|x64.ActiveCfg = Release|x64
		{EAFC10A2-612C-479D-B249-A0810556D798}.Release|x64.Build.0 = Release|x64
		{EAFC10A2-612C-479D-B249-A0810556D798}.Release|x86.ActiveCfg = Release|Win32
		{EAFC10A2-612C-479D-B249-A0810556D798}.Release|x86.Build.0 = Release|Win32
		{D3290B6B-8E85-4F52-BE03-A1F4719DCA72}.Debug|x64.ActiveCfg = Debug|x64
		{D3290B6B-8E85-4F52-BE03-A1F4719DCA72}.Debug|x64.Build.0 = Debug|x64
		{D3290B6B-8E85-4F52-BE03-A1F4719DCA72}.Debug|x86.ActiveCfg = Debug|Win32
		{D3290B6B-8E85-4F52-BE03-A1F4719DCA72}.Debug|x86.Build.0 = Debug|Win32
		{D3290B6B-8E85-4F52-BE03-A1F4719DCA72}.Release|x64.ActiveCfg = Release|x64
		{D3290B6B-8E85-4F52-BE03-A1F4719DCA72}.Release|x64.Build.0 = Release|x64
		{D3290B6B-8E85-4F52-BE03-A1F4719DCA72}.Release|x86.ActiveCfg = Release|Win32
		{D3290B6B-8E85-4F52-BE03-A1F4719DCA72}.Release|x86.Build.0 = Release|Win32
		{959BBF9B-B5BA-45E1-929F-03406E5BB814}.Debug|x64.ActiveCfg = Debug|x64
		{959BBF9B-B5BA-45E1-929F-03406E5BB814}.Debug|x64.Build.0 = Debug|x64
		{959BBF9B-B5BA-45E1-929F-03406E5BB814}.Debug|x86.ActiveCfg = Debug|Win32
		{959BBF9B-B5BA-45E1-929F-03406E5BB814}.Debug|x86.Build.0 = Debug|Win32
		{959BBF9B-B5BA-45E1-929F-03406E5BB814}.Release|x64.ActiveCfg = Release|x64
		{959BBF9B-B5BA-45E1-929F-03406E5BB814}.Release|x64.Build.0 = Release|x64
		{959BBF9B-B5BA-45E1-929F-03406E5BB814}.Release|x86.ActiveCfg = Release|Win32
		{959BBF9B-B5BA-45E1-929F-03406E5BB814}.Release|x86.Build.0 = Release|Win32
		{47A1EEC6-8FCF-40FE-B689-D1F2E52502EA}.Debug|x64.ActiveCfg = Debug|x64
		{47A1EEC6-8FCF-40FE-B689-D1F2E52502EA}.Debug|x64.Build.0 = Debug|x64
		{47A1EEC6-8FCF-40FE-B689-D1F2E52502EA}.Debug|x86.ActiveCfg = Debug|Win32
		{47A1EEC6-8FCF-40FE-B689-D1F2E52502EA}.Debug|x86.Build.0 = Debug|Win32
		{47A1EEC6-8FCF-40FE-B689-D1F2E52502EA}.Release|x64.ActiveCfg = Release|x64
		{47A1EEC6-8FCF-40FE-B689-D1F2E52502EA}.Release|x64.Build.0 = Release|x64
		{47A1EEC6-8FCF-40FE-B689-D1F2E52502EA}.Release|x86.ActiveCfg = Release|Win32
		{47A1EEC6-8FCF-40FE-B689-D1F2E52502EA}.Release|x86.Build.0 = Release|Win32
		{546BC298-717B-40D2-8D7F-CF76863F6DD9}.Debug|x64.ActiveCfg = Debug|x64
		{546BC298-717B-40D2-8D7F-CF76863F6DD9}.Debug|x64.Build.0 = Debug|x64
		{546BC298-717B-40D2-8D7F-CF76863F6DD9}.Debug|x86.ActiveCfg = Debug|Win32
		{546BC298-717B-40D2-8D7F-CF76863F6DD9}.Debug|x86.Build.0 = Debug|Win32
		{546BC298-717B-40D2-8D7F-CF76863F6DD9}.Release|x64.ActiveCfg = Release|x64
		{546BC298-717B-40D2-8D7F-CF76863F6DD9}.Release|x64.Build.0 = Release|x64
		{546BC298-717B-40D2-8D7F-CF76863F6DD9}.Release|x86.ActiveCfg = Release|Win32
		{546BC298-717B-40D2-8D7F-CF76863F6DD9}.Release|x86.Build.0 = Release|Win32
		{FAAAEEB0-AAC1-4808-B896-950B132EC0CA}.Debug|x64.ActiveCfg = Debug|x64
		{FAAAEEB0-AAC1-4808-B896-950B132EC0CA}.Debug|x64.Build.0 = Debug|x64
		{FAAAEEB0-AAC1-4808-B896-950B132EC0CA}.Debug|x86.ActiveCfg = Debug|Win32
		{FAAAEEB0-AAC1-4808-B896-950B132EC0CA}.Debug|x86.Build.0 = Debug|Win32
		{FAAAEEB0-AAC1-4808-B896-950B132EC0CA}.Release|x64.ActiveCfg = Release|x64
		{FAAAEEB0-AAC1-4808-B896-950B132EC0CA}.Release|x64.Build.0 = Release|x64
		{FAAAEEB0-AAC1-4808-B896-950B132EC0CA}.Release|x86.ActiveCfg = Release|Win32
		{FAAAEEB0-AAC1-4808-B896-950B132EC0CA}.Release|x86.Build.0 = Release|Win32
	EndGlobalSection
	GlobalSection(SolutionProperties) = preSolution
		HideSolutionNode = FALSE
	EndGlobalSection
	GlobalSection(ExtensibilityGlobals) = postSolution
		SolutionGuid = {B9F95FC5-2A44-4162-92DF-3F4022ED0779}
	EndGlobalSection
EndGlobal
