
Microsoft Visual Studio Solution File, Format Version 12.00
# Visual Studio Version 16
VisualStudioVersion = 16.0.30011.22
MinimumVisualStudioVersion = 10.0.40219.1
Project("{8BC9CEB8-8B4A-11D0-8D11-00A0C91BC942}") = "LidarDataPackage", "LidarDataPackage\LidarDataPackage.vcxproj", "{5192E187-8883-41A9-959B-D2A50518E02C}"
EndProject
Project("{8BC9CEB8-8B4A-11D0-8D11-00A0C91BC942}") = "LIMConsoleClient", "LIMConsoleClient\LIMConsoleClient.vcxproj", "{115E8ECB-B9C9-416C-9C71-1F88F0E0A8ED}"
EndProject
Global
	GlobalSection(SolutionConfigurationPlatforms) = preSolution
		Debug|x64 = Debug|x64
		Debug|x86 = Debug|x86
		Release|x64 = Release|x64
		Release|x86 = Release|x86
	EndGlobalSection
	GlobalSection(ProjectConfigurationPlatforms) = postSolution
		{5192E187-8883-41A9-959B-D2A50518E02C}.Debug|x64.ActiveCfg = Debug|x64
		{5192E187-8883-41A9-959B-D2A50518E02C}.Debug|x64.Build.0 = Debug|x64
		{5192E187-8883-41A9-959B-D2A50518E02C}.Debug|x86.ActiveCfg = Debug|Win32
		{5192E187-8883-41A9-959B-D2A50518E02C}.Debug|x86.Build.0 = Debug|Win32
		{5192E187-8883-41A9-959B-D2A50518E02C}.Release|x64.ActiveCfg = Release|x64
		{5192E187-8883-41A9-959B-D2A50518E02C}.Release|x64.Build.0 = Release|x64
		{5192E187-8883-41A9-959B-D2A50518E02C}.Release|x86.ActiveCfg = Release|Win32
		{5192E187-8883-41A9-959B-D2A50518E02C}.Release|x86.Build.0 = Release|Win32
		{115E8ECB-B9C9-416C-9C71-1F88F0E0A8ED}.Debug|x64.ActiveCfg = Debug|x64
		{115E8ECB-B9C9-416C-9C71-1F88F0E0A8ED}.Debug|x64.Build.0 = Debug|x64
		{115E8ECB-B9C9-416C-9C71-1F88F0E0A8ED}.Debug|x86.ActiveCfg = Debug|Win32
		{115E8ECB-B9C9-416C-9C71-1F88F0E0A8ED}.Debug|x86.Build.0 = Debug|Win32
		{115E8ECB-B9C9-416C-9C71-1F88F0E0A8ED}.Release|x64.ActiveCfg = Release|x64
		{115E8ECB-B9C9-416C-9C71-1F88F0E0A8ED}.Release|x64.Build.0 = Release|x64
		{115E8ECB-B9C9-416C-9C71-1F88F0E0A8ED}.Release|x86.ActiveCfg = Release|Win32
		{115E8ECB-B9C9-416C-9C71-1F88F0E0A8ED}.Release|x86.Build.0 = Release|Win32
	EndGlobalSection
	GlobalSection(SolutionProperties) = preSolution
		HideSolutionNode = FALSE
	EndGlobalSection
	GlobalSection(ExtensibilityGlobals) = postSolution
		SolutionGuid = {B9F95FC5-2A44-4162-92DF-3F4022ED0779}
	EndGlobalSection
EndGlobal
